
Microsoft Visual Studio Solution File, Format Version 12.00
# Visual Studio Version 17
VisualStudioVersion = 17.0.31903.59
MinimumVisualStudioVersion = 10.0.40219.1
Project("{FAE04EC0-301F-11D3-BF4B-00C04F79EFBC}") = "MoviesAPI", "MoviesAPI\MoviesAPI.csproj", "{26E722F9-B033-46D3-B52E-939650216C9A}"
EndProject
Global
	GlobalSection(SolutionConfigurationPlatforms) = preSolution
		Debug|Any CPU = Debug|Any CPU
		Release|Any CPU = Release|Any CPU
	EndGlobalSection
	GlobalSection(ProjectConfigurationPlatforms) = postSolution
		{26E722F9-B033-46D3-B52E-939650216C9A}.Debug|Any CPU.ActiveCfg = Debug|Any CPU
		{26E722F9-B033-46D3-B52E-939650216C9A}.Debug|Any CPU.Build.0 = Debug|Any CPU
		{26E722F9-B033-46D3-B52E-939650216C9A}.Release|Any CPU.ActiveCfg = Release|Any CPU
		{26E722F9-B033-46D3-B52E-939650216C9A}.Release|Any CPU.Build.0 = Release|Any CPU
	EndGlobalSection
	GlobalSection(SolutionProperties) = preSolution
		HideSolutionNode = FALSE
	EndGlobalSection
	GlobalSection(ExtensibilityGlobals) = postSolution
		SolutionGuid = {FEC05E99-AF10-4585-ADC4-FB06173A4BFF}
	EndGlobalSection
EndGlobal
